
Microsoft Visual Studio Solution File, Format Version 12.00
# Visual Studio 2013
VisualStudioVersion = 12.0.40629.0
MinimumVisualStudioVersion = 10.0.40219.1
Project("{FAE04EC0-301F-11D3-BF4B-00C04F79EFBC}") = "GlobalisationTest", "GlobalisationTest\GlobalisationTest.csproj", "{DC1D7FE1-E6DA-4C81-8742-96CEE22020E8}"
EndProject
Global
	GlobalSection(SolutionConfigurationPlatforms) = preSolution
		Debug|Any CPU = Debug|Any CPU
		Release|Any CPU = Release|Any CPU
	EndGlobalSection
	GlobalSection(ProjectConfigurationPlatforms) = postSolution
		{DC1D7FE1-E6DA-4C81-8742-96CEE22020E8}.Debug|Any CPU.ActiveCfg = Debug|Any CPU
		{DC1D7FE1-E6DA-4C81-8742-96CEE22020E8}.Debug|Any CPU.Build.0 = Debug|Any CPU
		{DC1D7FE1-E6DA-4C81-8742-96CEE22020E8}.Release|Any CPU.ActiveCfg = Release|Any CPU
		{DC1D7FE1-E6DA-4C81-8742-96CEE22020E8}.Release|Any CPU.Build.0 = Release|Any CPU
	EndGlobalSection
	GlobalSection(SolutionProperties) = preSolution
		HideSolutionNode = FALSE
	EndGlobalSection
EndGlobal
